
Microsoft Visual Studio Solution File, Format Version 12.00
# Visual Studio Version 17
VisualStudioVersion = 17.14.36221.1
MinimumVisualStudioVersion = 10.0.40219.1
Project("{9A19103F-16F7-4668-BE54-9A1E7A4F7556}") = "Schedule.API", "Schedule.API\Schedule.API.csproj", "{ABAEF549-EBD3-4640-A95A-CBC710C0D28A}"
EndProject
Project("{2150E333-8FDC-42A3-9474-1A3956D46DE8}") = "Schedule", "Schedule", "{A5414071-4863-437D-B25C-76A379C6AAC0}"
EndProject
Project("{9A19103F-16F7-4668-BE54-9A1E7A4F7556}") = "Schedule.Domain", "Schedule.Domain\Schedule.Domain.csproj", "{3DA221CE-E8E7-4D1B-9D98-CE13E087D837}"
EndProject
Project("{9A19103F-16F7-4668-BE54-9A1E7A4F7556}") = "Schedule.Infrastructure", "Schedule.Infrastructure\Schedule.Infrastructure.csproj", "{78AC69A2-2206-4C74-9E8A-D6FBDFF6A70C}"
EndProject
Project("{9A19103F-16F7-4668-BE54-9A1E7A4F7556}") = "Schedule.Application", "Schedule.Application\Schedule.Application.csproj", "{9A507125-16CB-49F9-A8FF-807C4CEEE677}"
EndProject
Project("{9A19103F-16F7-4668-BE54-9A1E7A4F7556}") = "Schedule.Contracts", "Schedule.Contracts\Schedule.Contracts.csproj", "{F7EFBEE5-FE32-4F97-9EE3-546BC76AD9B4}"
EndProject
Project("{2150E333-8FDC-42A3-9474-1A3956D46DE8}") = "Common", "Common", "{CDFADEA1-99EB-4572-A9D0-2A952F0572D5}"
	ProjectSection(SolutionItems) = preProject
		Common\ProjectBase.props = Common\ProjectBase.props
	EndProjectSection
EndProject
Project("{2150E333-8FDC-42A3-9474-1A3956D46DE8}") = "Solution Items", "Solution Items", "{39D988C0-EDFF-487D-A0AA-B49F74A0A7AC}"
	ProjectSection(SolutionItems) = preProject
		.dockerignore = .dockerignore
		docker-compose.yaml = docker-compose.yaml
		generate-keys.sh = generate-keys.sh
		.gitignore = .gitignore
		Database\DatabaseSetup.sql = Database\DatabaseSetup.sql
		Database\InsertSampleData.sql = Database\InsertSampleData.sql
	EndProjectSection
EndProject
Global
	GlobalSection(SolutionConfigurationPlatforms) = preSolution
		Debug|Any CPU = Debug|Any CPU
		Release|Any CPU = Release|Any CPU
	EndGlobalSection
	GlobalSection(ProjectConfigurationPlatforms) = postSolution
		{ABAEF549-EBD3-4640-A95A-CBC710C0D28A}.Debug|Any CPU.ActiveCfg = Debug|Any CPU
		{ABAEF549-EBD3-4640-A95A-CBC710C0D28A}.Debug|Any CPU.Build.0 = Debug|Any CPU
		{ABAEF549-EBD3-4640-A95A-CBC710C0D28A}.Release|Any CPU.ActiveCfg = Release|Any CPU
		{ABAEF549-EBD3-4640-A95A-CBC710C0D28A}.Release|Any CPU.Build.0 = Release|Any CPU
		{3DA221CE-E8E7-4D1B-9D98-CE13E087D837}.Debug|Any CPU.ActiveCfg = Debug|Any CPU
		{3DA221CE-E8E7-4D1B-9D98-CE13E087D837}.Debug|Any CPU.Build.0 = Debug|Any CPU
		{3DA221CE-E8E7-4D1B-9D98-CE13E087D837}.Release|Any CPU.ActiveCfg = Release|Any CPU
		{3DA221CE-E8E7-4D1B-9D98-CE13E087D837}.Release|Any CPU.Build.0 = Release|Any CPU
		{78AC69A2-2206-4C74-9E8A-D6FBDFF6A70C}.Debug|Any CPU.ActiveCfg = Debug|Any CPU
		{78AC69A2-2206-4C74-9E8A-D6FBDFF6A70C}.Debug|Any CPU.Build.0 = Debug|Any CPU
		{78AC69A2-2206-4C74-9E8A-D6FBDFF6A70C}.Release|Any CPU.ActiveCfg = Release|Any CPU
		{78AC69A2-2206-4C74-9E8A-D6FBDFF6A70C}.Release|Any CPU.Build.0 = Release|Any CPU
		{9A507125-16CB-49F9-A8FF-807C4CEEE677}.Debug|Any CPU.ActiveCfg = Debug|Any CPU
		{9A507125-16CB-49F9-A8FF-807C4CEEE677}.Debug|Any CPU.Build.0 = Debug|Any CPU
		{9A507125-16CB-49F9-A8FF-807C4CEEE677}.Release|Any CPU.ActiveCfg = Release|Any CPU
		{9A507125-16CB-49F9-A8FF-807C4CEEE677}.Release|Any CPU.Build.0 = Release|Any CPU
		{F7EFBEE5-FE32-4F97-9EE3-546BC76AD9B4}.Debug|Any CPU.ActiveCfg = Debug|Any CPU
		{F7EFBEE5-FE32-4F97-9EE3-546BC76AD9B4}.Debug|Any CPU.Build.0 = Debug|Any CPU
		{F7EFBEE5-FE32-4F97-9EE3-546BC76AD9B4}.Release|Any CPU.ActiveCfg = Release|Any CPU
		{F7EFBEE5-FE32-4F97-9EE3-546BC76AD9B4}.Release|Any CPU.Build.0 = Release|Any CPU
	EndGlobalSection
	GlobalSection(SolutionProperties) = preSolution
		HideSolutionNode = FALSE
	EndGlobalSection
	GlobalSection(NestedProjects) = preSolution
		{ABAEF549-EBD3-4640-A95A-CBC710C0D28A} = {A5414071-4863-437D-B25C-76A379C6AAC0}
		{3DA221CE-E8E7-4D1B-9D98-CE13E087D837} = {A5414071-4863-437D-B25C-76A379C6AAC0}
		{78AC69A2-2206-4C74-9E8A-D6FBDFF6A70C} = {A5414071-4863-437D-B25C-76A379C6AAC0}
		{9A507125-16CB-49F9-A8FF-807C4CEEE677} = {A5414071-4863-437D-B25C-76A379C6AAC0}
		{F7EFBEE5-FE32-4F97-9EE3-546BC76AD9B4} = {A5414071-4863-437D-B25C-76A379C6AAC0}
	EndGlobalSection
	GlobalSection(ExtensibilityGlobals) = postSolution
		SolutionGuid = {3FB441D3-3AD3-4099-80F6-4BC62E55EBA0}
	EndGlobalSection
EndGlobal
