
Microsoft Visual Studio Solution File, Format Version 12.00
# Visual Studio Version 17
VisualStudioVersion = 17.14.36221.1
MinimumVisualStudioVersion = 10.0.40219.1
Project("{2150E333-8FDC-42A3-9474-1A3956D46DE8}") = "Solution Items", "Solution Items", "{39D988C0-EDFF-487D-A0AA-B49F74A0A7AC}"
	ProjectSection(SolutionItems) = preProject
		.dockerignore = .dockerignore
		docker-compose.yaml = docker-compose.yaml
		generate-keys.sh = generate-keys.sh
		.gitignore = .gitignore
		Database\DatabaseSetup.sql = Database\DatabaseSetup.sql
		Database\InsertSampleData.sql = Database\InsertSampleData.sql
	EndProjectSection
EndProject
Project("{2150E333-8FDC-42A3-9474-1A3956D46DE8}") = "src", "src", "{3702F4D3-FE1C-4E29-94D2-A446BEE25B45}"
EndProject
Project("{FAE04EC0-301F-11D3-BF4B-00C04F79EFBC}") = "ReservationSystem.Application", "src\ReservationSystem.Application\ReservationSystem.Application.csproj", "{39566055-BA49-48BE-9C88-BB72983ECBF7}"
EndProject
Project("{FAE04EC0-301F-11D3-BF4B-00C04F79EFBC}") = "ReservationSystem.API", "src\ReservationSystem.API\ReservationSystem.API.csproj", "{60C66898-675B-4C1B-B252-0FCF06863204}"
EndProject
Project("{FAE04EC0-301F-11D3-BF4B-00C04F79EFBC}") = "ReservationSystem.Contracts", "src\ReservationSystem.Contracts\ReservationSystem.Contracts.csproj", "{77BA8A45-BCE3-4B89-8E12-B3D28B05DB62}"
EndProject
Project("{FAE04EC0-301F-11D3-BF4B-00C04F79EFBC}") = "ReservationSystem.Domain", "src\ReservationSystem.Domain\ReservationSystem.Domain.csproj", "{9CE30E52-4F8E-4908-AC32-EB1BAA10BBFC}"
EndProject
Project("{FAE04EC0-301F-11D3-BF4B-00C04F79EFBC}") = "ReservationSystem.Infrastructure", "src\ReservationSystem.Infrastructure\ReservationSystem.Infrastructure.csproj", "{0EAC5D54-CD31-4C37-9D48-64B40C6EB900}"
EndProject
Global
	GlobalSection(SolutionConfigurationPlatforms) = preSolution
		Debug|Any CPU = Debug|Any CPU
		Release|Any CPU = Release|Any CPU
	EndGlobalSection
	GlobalSection(ProjectConfigurationPlatforms) = postSolution
		{39566055-BA49-48BE-9C88-BB72983ECBF7}.Debug|Any CPU.ActiveCfg = Debug|Any CPU
		{39566055-BA49-48BE-9C88-BB72983ECBF7}.Debug|Any CPU.Build.0 = Debug|Any CPU
		{39566055-BA49-48BE-9C88-BB72983ECBF7}.Release|Any CPU.ActiveCfg = Release|Any CPU
		{39566055-BA49-48BE-9C88-BB72983ECBF7}.Release|Any CPU.Build.0 = Release|Any CPU
		{60C66898-675B-4C1B-B252-0FCF06863204}.Debug|Any CPU.ActiveCfg = Debug|Any CPU
		{60C66898-675B-4C1B-B252-0FCF06863204}.Debug|Any CPU.Build.0 = Debug|Any CPU
		{60C66898-675B-4C1B-B252-0FCF06863204}.Release|Any CPU.ActiveCfg = Release|Any CPU
		{60C66898-675B-4C1B-B252-0FCF06863204}.Release|Any CPU.Build.0 = Release|Any CPU
		{77BA8A45-BCE3-4B89-8E12-B3D28B05DB62}.Debug|Any CPU.ActiveCfg = Debug|Any CPU
		{77BA8A45-BCE3-4B89-8E12-B3D28B05DB62}.Debug|Any CPU.Build.0 = Debug|Any CPU
		{77BA8A45-BCE3-4B89-8E12-B3D28B05DB62}.Release|Any CPU.ActiveCfg = Release|Any CPU
		{77BA8A45-BCE3-4B89-8E12-B3D28B05DB62}.Release|Any CPU.Build.0 = Release|Any CPU
		{9CE30E52-4F8E-4908-AC32-EB1BAA10BBFC}.Debug|Any CPU.ActiveCfg = Debug|Any CPU
		{9CE30E52-4F8E-4908-AC32-EB1BAA10BBFC}.Debug|Any CPU.Build.0 = Debug|Any CPU
		{9CE30E52-4F8E-4908-AC32-EB1BAA10BBFC}.Release|Any CPU.ActiveCfg = Release|Any CPU
		{9CE30E52-4F8E-4908-AC32-EB1BAA10BBFC}.Release|Any CPU.Build.0 = Release|Any CPU
		{0EAC5D54-CD31-4C37-9D48-64B40C6EB900}.Debug|Any CPU.ActiveCfg = Debug|Any CPU
		{0EAC5D54-CD31-4C37-9D48-64B40C6EB900}.Debug|Any CPU.Build.0 = Debug|Any CPU
		{0EAC5D54-CD31-4C37-9D48-64B40C6EB900}.Release|Any CPU.ActiveCfg = Release|Any CPU
		{0EAC5D54-CD31-4C37-9D48-64B40C6EB900}.Release|Any CPU.Build.0 = Release|Any CPU
	EndGlobalSection
	GlobalSection(SolutionProperties) = preSolution
		HideSolutionNode = FALSE
	EndGlobalSection
	GlobalSection(NestedProjects) = preSolution
		{39566055-BA49-48BE-9C88-BB72983ECBF7} = {3702F4D3-FE1C-4E29-94D2-A446BEE25B45}
		{60C66898-675B-4C1B-B252-0FCF06863204} = {3702F4D3-FE1C-4E29-94D2-A446BEE25B45}
		{77BA8A45-BCE3-4B89-8E12-B3D28B05DB62} = {3702F4D3-FE1C-4E29-94D2-A446BEE25B45}
		{9CE30E52-4F8E-4908-AC32-EB1BAA10BBFC} = {3702F4D3-FE1C-4E29-94D2-A446BEE25B45}
		{0EAC5D54-CD31-4C37-9D48-64B40C6EB900} = {3702F4D3-FE1C-4E29-94D2-A446BEE25B45}
	EndGlobalSection
	GlobalSection(ExtensibilityGlobals) = postSolution
		SolutionGuid = {3FB441D3-3AD3-4099-80F6-4BC62E55EBA0}
	EndGlobalSection
EndGlobal
